# THIS IS AN AUTOGENERATED FILE. DO NOT EDIT THIS FILE DIRECTLY.
# yarn lockfile v1


"@popperjs/core@^2.9.2":
  version "2.9.2"
  resolved "https://registry.npmjs.org/@popperjs/core/-/core-2.9.2.tgz"

"@types/prop-types@*":
  version "15.7.4"
  resolved "https://registry.npmjs.org/@types/prop-types/-/prop-types-15.7.4.tgz"

"@types/react-datepicker@^4.1.2":
  version "4.1.2"
  resolved "https://registry.npmjs.org/@types/react-datepicker/-/react-datepicker-4.1.2.tgz"
  dependencies:
    "@types/react" "*"
    date-fns "^2.0.1"
    popper.js "^1.14.1"

"@types/react@*":
  version "17.0.14"
  resolved "https://registry.npmjs.org/@types/react/-/react-17.0.14.tgz"
  dependencies:
    "@types/prop-types" "*"
    "@types/scheduler" "*"
    csstype "^3.0.2"

"@types/scheduler@*":
  version "0.16.2"
  resolved "https://registry.npmjs.org/@types/scheduler/-/scheduler-0.16.2.tgz"

classnames@^2.2.6:
  version "2.3.1"
  resolved "https://registry.npmjs.org/classnames/-/classnames-2.3.1.tgz"

csstype@^3.0.2:
  version "3.0.8"
  resolved "https://registry.npmjs.org/csstype/-/csstype-3.0.8.tgz"

date-fns@^2.0.1:
  version "2.22.1"
  resolved "https://registry.npmjs.org/date-fns/-/date-fns-2.22.1.tgz"

"js-tokens@^3.0.0 || ^4.0.0":
  version "4.0.0"
  resolved "https://registry.npmjs.org/js-tokens/-/js-tokens-4.0.0.tgz"

loose-envify@^1.0.0, loose-envify@^1.4.0:
  version "1.4.0"
  resolved "https://registry.npmjs.org/loose-envify/-/loose-envify-1.4.0.tgz"
  dependencies:
    js-tokens "^3.0.0 || ^4.0.0"

moment@^2.29.1:
  version "2.29.1"
  resolved "https://registry.npmjs.org/moment/-/moment-2.29.1.tgz"

object-assign@^4.1.1:
  version "4.1.1"
  resolved "https://registry.npmjs.org/object-assign/-/object-assign-4.1.1.tgz"

popper.js@^1.14.1:
  version "1.16.1"
  resolved "https://registry.npmjs.org/popper.js/-/popper.js-1.16.1.tgz"

prop-types@^15.7.2:
  version "15.7.2"
  resolved "https://registry.npmjs.org/prop-types/-/prop-types-15.7.2.tgz"
  dependencies:
    loose-envify "^1.4.0"
    object-assign "^4.1.1"
    react-is "^16.8.1"

react-datepicker@^4.1.1:
  version "4.1.1"
  resolved "https://registry.npmjs.org/react-datepicker/-/react-datepicker-4.1.1.tgz"
  dependencies:
    "@popperjs/core" "^2.9.2"
    classnames "^2.2.6"
    date-fns "^2.0.1"
    prop-types "^15.7.2"
    react-onclickoutside "^6.10.0"
    react-popper "^2.2.5"

react-fast-compare@^3.0.1:
  version "3.2.0"
  resolved "https://registry.npmjs.org/react-fast-compare/-/react-fast-compare-3.2.0.tgz"

react-is@^16.8.1:
  version "16.13.1"
  resolved "https://registry.npmjs.org/react-is/-/react-is-16.13.1.tgz"

react-onclickoutside@^6.10.0:
  version "6.11.2"
  resolved "https://registry.npmjs.org/react-onclickoutside/-/react-onclickoutside-6.11.2.tgz"

react-popper@^2.2.5:
  version "2.2.5"
  resolved "https://registry.npmjs.org/react-popper/-/react-popper-2.2.5.tgz"
  dependencies:
    react-fast-compare "^3.0.1"
    warning "^4.0.2"

react-table@^7.8.0:
  version "7.8.0"
  resolved "https://registry.yarnpkg.com/react-table/-/react-table-7.8.0.tgz#07858c01c1718c09f7f1aed7034fcfd7bda907d2"

warning@^4.0.2:
  version "4.0.3"
  resolved "https://registry.npmjs.org/warning/-/warning-4.0.3.tgz"
  dependencies:
    loose-envify "^1.0.0"
