# THIS IS AN AUTOGENERATED FILE. DO NOT EDIT THIS FILE DIRECTLY.
# yarn lockfile v1


"@popperjs/core@^2.0.0", "@popperjs/core@^2.9.2":
  "integrity" "sha512-VZMYa7+fXHdwIq1TDhSXoVmSPEGM/aa+6Aiq3nVVJ9bXr24zScr+NlKFKC3iPljA7ho/GAZr+d2jOf5GIRC30Q=="
  "resolved" "https://registry.npmjs.org/@popperjs/core/-/core-2.9.2.tgz"
  "version" "2.9.2"

"@types/prop-types@*":
  "integrity" "sha512-rZ5drC/jWjrArrS8BR6SIr4cWpW09RNTYt9AMZo3Jwwif+iacXAqgVjm0B0Bv/S1jhDXKHqRVNCbACkJ89RAnQ=="
  "resolved" "https://registry.npmjs.org/@types/prop-types/-/prop-types-15.7.4.tgz"
  "version" "15.7.4"

"@types/react-datepicker@^4.1.2":
  "integrity" "sha512-oG0TbkAmTdFy0G9QEcfv+7QyWMmffAyrXGf0bsEsTl+OECc2SRylYDc91RXekfZDpFXkPhPCQZfCYQehFanMlw=="
  "resolved" "https://registry.npmjs.org/@types/react-datepicker/-/react-datepicker-4.1.2.tgz"
  "version" "4.1.2"
  dependencies:
    "@types/react" "*"
    "date-fns" "^2.0.1"
    "popper.js" "^1.14.1"

"@types/react@*":
  "integrity" "sha512-0WwKHUbWuQWOce61UexYuWTGuGY/8JvtUe/dtQ6lR4sZ3UiylHotJeWpf3ArP9+DSGUoLY3wbU59VyMrJps5VQ=="
  "resolved" "https://registry.npmjs.org/@types/react/-/react-17.0.14.tgz"
  "version" "17.0.14"
  dependencies:
    "@types/prop-types" "*"
    "@types/scheduler" "*"
    "csstype" "^3.0.2"

"@types/scheduler@*":
  "integrity" "sha512-hppQEBDmlwhFAXKJX2KnWLYu5yMfi91yazPb2l+lbJiwW+wdo1gNeRA+3RgNSO39WYX2euey41KEwnqesU2Jew=="
  "resolved" "https://registry.npmjs.org/@types/scheduler/-/scheduler-0.16.2.tgz"
  "version" "0.16.2"

"classnames@^2.2.6":
  "integrity" "sha512-OlQdbZ7gLfGarSqxesMesDa5uz7KFbID8Kpq/SxIoNGDqY8lSYs0D+hhtBXhcdB3rcbXArFr7vlHheLk1voeNA=="
  "resolved" "https://registry.npmjs.org/classnames/-/classnames-2.3.1.tgz"
  "version" "2.3.1"

"csstype@^3.0.2":
  "integrity" "sha512-jXKhWqXPmlUeoQnF/EhTtTl4C9SnrxSH/jZUih3jmO6lBKr99rP3/+FmrMj4EFpOXzMtXHAZkd3x0E6h6Fgflw=="
  "resolved" "https://registry.npmjs.org/csstype/-/csstype-3.0.8.tgz"
  "version" "3.0.8"

"date-fns@^2.0.1":
  "integrity" "sha512-yUFPQjrxEmIsMqlHhAhmxkuH769baF21Kk+nZwZGyrMoyLA+LugaQtC0+Tqf9CBUUULWwUJt6Q5ySI3LJDDCGg=="
  "resolved" "https://registry.npmjs.org/date-fns/-/date-fns-2.22.1.tgz"
  "version" "2.22.1"

"js-tokens@^3.0.0 || ^4.0.0":
  "integrity" "sha512-RdJUflcE3cUzKiMqQgsCu06FPu9UdIJO0beYbPhHN4k6apgJtifcoCtT9bcxOpYBtpD2kCM6Sbzg4CausW/PKQ=="
  "resolved" "https://registry.npmjs.org/js-tokens/-/js-tokens-4.0.0.tgz"
  "version" "4.0.0"

"loose-envify@^1.0.0", "loose-envify@^1.4.0":
  "integrity" "sha512-lyuxPGr/Wfhrlem2CL/UcnUc1zcqKAImBDzukY7Y5F/yQiNdko6+fRLevlw1HgMySw7f611UIY408EtxRSoK3Q=="
  "resolved" "https://registry.npmjs.org/loose-envify/-/loose-envify-1.4.0.tgz"
  "version" "1.4.0"
  dependencies:
    "js-tokens" "^3.0.0 || ^4.0.0"

"moment@^2.29.1":
  "integrity" "sha512-kHmoybcPV8Sqy59DwNDY3Jefr64lK/by/da0ViFcuA4DH0vQg5Q6Ze5VimxkfQNSC+Mls/Kx53s7TjP1RhFEDQ=="
  "resolved" "https://registry.npmjs.org/moment/-/moment-2.29.1.tgz"
  "version" "2.29.1"

"object-assign@^4.1.1":
  "integrity" "sha1-IQmtx5ZYh8/AXLvUQsrIv7s2CGM="
  "resolved" "https://registry.npmjs.org/object-assign/-/object-assign-4.1.1.tgz"
  "version" "4.1.1"

"popper.js@^1.14.1":
  "integrity" "sha512-Wb4p1J4zyFTbM+u6WuO4XstYx4Ky9Cewe4DWrel7B0w6VVICvPwdOpotjzcf6eD8TsckVnIMNONQyPIUFOUbCQ=="
  "resolved" "https://registry.npmjs.org/popper.js/-/popper.js-1.16.1.tgz"
  "version" "1.16.1"

"prop-types@^15.7.2":
  "integrity" "sha512-8QQikdH7//R2vurIJSutZ1smHYTcLpRWEOlHnzcWHmBYrOGUysKwSsrC89BCiFj3CbrfJ/nXFdJepOVrY1GCHQ=="
  "resolved" "https://registry.npmjs.org/prop-types/-/prop-types-15.7.2.tgz"
  "version" "15.7.2"
  dependencies:
    "loose-envify" "^1.4.0"
    "object-assign" "^4.1.1"
    "react-is" "^16.8.1"

"react-datepicker@^4.1.1":
  "integrity" "sha512-vtZIA7MbUrffRw1CHiyOGtmTO/tTdZGr5BYaiRucHMTb6rCqA8TkaQhzX6tTwMwP8vV38Khv4UWohrJbiX1rMw=="
  "resolved" "https://registry.npmjs.org/react-datepicker/-/react-datepicker-4.1.1.tgz"
  "version" "4.1.1"
  dependencies:
    "@popperjs/core" "^2.9.2"
    "classnames" "^2.2.6"
    "date-fns" "^2.0.1"
    "prop-types" "^15.7.2"
    "react-onclickoutside" "^6.10.0"
    "react-popper" "^2.2.5"

"react-fast-compare@^3.0.1":
  "integrity" "sha512-rtGImPZ0YyLrscKI9xTpV8psd6I8VAtjKCzQDlzyDvqJA8XOW78TXYQwNRNd8g8JZnDu8q9Fu/1v4HPAVwVdHA=="
  "resolved" "https://registry.npmjs.org/react-fast-compare/-/react-fast-compare-3.2.0.tgz"
  "version" "3.2.0"

"react-is@^16.8.1":
  "integrity" "sha512-24e6ynE2H+OKt4kqsOvNd8kBpV65zoxbA4BVsEOB3ARVWQki/DHzaUoC5KuON/BiccDaCCTZBuOcfZs70kR8bQ=="
  "resolved" "https://registry.npmjs.org/react-is/-/react-is-16.13.1.tgz"
  "version" "16.13.1"

"react-onclickoutside@^6.10.0":
  "integrity" "sha512-640486eSwU/t5iD6yeTlefma8dI3bxPXD93hM9JGKyYITAd0P1JFkkcDeyHZRqNpY/fv1YW0Fad9BXr44OY8wQ=="
  "resolved" "https://registry.npmjs.org/react-onclickoutside/-/react-onclickoutside-6.11.2.tgz"
  "version" "6.11.2"

"react-popper@^2.2.5":
  "integrity" "sha512-kxGkS80eQGtLl18+uig1UIf9MKixFSyPxglsgLBxlYnyDf65BiY9B3nZSc6C9XUNDgStROB0fMQlTEz1KxGddw=="
  "resolved" "https://registry.npmjs.org/react-popper/-/react-popper-2.2.5.tgz"
  "version" "2.2.5"
  dependencies:
    "react-fast-compare" "^3.0.1"
    "warning" "^4.0.2"

"react-table@^7.7.0":
  "integrity" "sha512-jBlj70iBwOTvvImsU9t01LjFjy4sXEtclBovl3mTiqjz23Reu0DKnRza4zlLtOPACx6j2/7MrQIthIK1Wi+LIA=="
  "resolved" "https://registry.npmjs.org/react-table/-/react-table-7.7.0.tgz"
  "version" "7.7.0"

"warning@^4.0.2":
  "integrity" "sha512-rpJyN222KWIvHJ/F53XSZv0Zl/accqHR8et1kpaMTD/fLCRxtV8iX8czMzY7sVZupTI3zcUTg8eycS2kNF9l6w=="
  "resolved" "https://registry.npmjs.org/warning/-/warning-4.0.3.tgz"
  "version" "4.0.3"
  dependencies:
    "loose-envify" "^1.0.0"
